# THIS IS AN AUTOGENERATED FILE. DO NOT EDIT THIS FILE DIRECTLY.
# yarn lockfile v1


"@std/esm@^0.18.0":
  version "0.18.0"
  resolved "http://r.npm.sankuai.com/@std/esm/download/@std/esm-0.18.0.tgz#e212b565c765f93b29ec522a493a192ce7ae2ba6"

accepts@^1.2.2:
  version "1.3.4"
  resolved "http://r.npm.sankuai.com/accepts/download/accepts-1.3.4.tgz#86246758c7dd6d21a6474ff084a4740ec05eb21f"
  dependencies:
    mime-types "~2.1.16"
    negotiator "0.6.1"

ansi-styles@^3.1.0:
  version "3.2.0"
  resolved "http://r.npm.sankuai.com/ansi-styles/download/ansi-styles-3.2.0.tgz#c159b8d5be0f9e5a6f346dab94f16ce022161b88"
  dependencies:
    color-convert "^1.9.0"

any-promise@^1.1.0:
  version "1.3.0"
  resolved "http://r.npm.sankuai.com/any-promise/download/any-promise-1.3.0.tgz#abc6afeedcea52e809cdc0376aed3ce39635d17f"

asap@~2.0.3:
  version "2.0.6"
  resolved "http://r.npm.sankuai.com/asap/download/asap-2.0.6.tgz#e50347611d7e690943208bbdafebcbc2fb866d46"

balanced-match@^1.0.0:
  version "1.0.0"
  resolved "http://r.npm.sankuai.com/balanced-match/download/balanced-match-1.0.0.tgz#89b4d199ab2bee49de164ea02b89ce462d71b767"

brace-expansion@^1.1.7:
  version "1.1.8"
  resolved "http://r.npm.sankuai.com/brace-expansion/download/brace-expansion-1.1.8.tgz#c07b211c7c952ec1f8efd51a77ef0d1d3990a292"
  dependencies:
    balanced-match "^1.0.0"
    concat-map "0.0.1"

camelcase@^4.1.0:
  version "4.1.0"
  resolved "http://r.npm.sankuai.com/camelcase/download/camelcase-4.1.0.tgz#d545635be1e33c542649c69173e5de6acfae34dd"

canonical-path@0.0.2:
  version "0.0.2"
  resolved "http://r.npm.sankuai.com/canonical-path/download/canonical-path-0.0.2.tgz#e31eb937a8c93ee2a01df1839794721902874574"

chalk@^2.3.0:
  version "2.3.0"
  resolved "http://r.npm.sankuai.com/chalk/download/chalk-2.3.0.tgz#b5ea48efc9c1793dccc9b4767c93914d3f2d52ba"
  dependencies:
    ansi-styles "^3.1.0"
    escape-string-regexp "^1.0.5"
    supports-color "^4.0.0"

co@^4.6.0:
  version "4.6.0"
  resolved "http://r.npm.sankuai.com/co/download/co-4.6.0.tgz#6ea6bdf3d853ae54ccb8e47bfa0bf3f9031fb184"

color-convert@^1.9.0:
  version "1.9.1"
  resolved "http://r.npm.sankuai.com/color-convert/download/color-convert-1.9.1.tgz#c1261107aeb2f294ebffec9ed9ecad529a6097ed"
  dependencies:
    color-name "^1.1.1"

color-name@^1.1.1:
  version "1.1.3"
  resolved "http://r.npm.sankuai.com/color-name/download/color-name-1.1.3.tgz#a7d0558bd89c42f795dd42328f740831ca53bc25"

commander@*:
  version "2.12.2"
  resolved "http://r.npm.sankuai.com/commander/download/commander-2.12.2.tgz#0f5946c427ed9ec0d91a46bb9def53e54650e555"

concat-map@0.0.1:
  version "0.0.1"
  resolved "http://r.npm.sankuai.com/concat-map/download/concat-map-0.0.1.tgz#d8a96bd77fd68df7793a73036a3ba0d5405d477b"

content-disposition@~0.5.0:
  version "0.5.2"
  resolved "http://r.npm.sankuai.com/content-disposition/download/content-disposition-0.5.2.tgz#0cf68bb9ddf5f2be7961c3a85178cb85dba78cb4"

content-type@^1.0.0:
  version "1.0.4"
  resolved "http://r.npm.sankuai.com/content-type/download/content-type-1.0.4.tgz#e138cc75e040c727b1966fe5e5f8c9aee256fe3b"

cookies@~0.7.0:
  version "0.7.1"
  resolved "http://r.npm.sankuai.com/cookies/download/cookies-0.7.1.tgz#7c8a615f5481c61ab9f16c833731bcb8f663b99b"
  dependencies:
    depd "~1.1.1"
    keygrip "~1.0.2"

debug@*, debug@^3.1.0:
  version "3.1.0"
  resolved "http://r.npm.sankuai.com/debug/download/debug-3.1.0.tgz#5bb5a0672628b64149566ba16819e61518c67261"
  dependencies:
    ms "2.0.0"

debug@^2.2.0:
  version "2.6.9"
  resolved "http://r.npm.sankuai.com/debug/download/debug-2.6.9.tgz#5d128515df134ff327e90a4c93f4e077a536341f"
  dependencies:
    ms "2.0.0"

deep-equal@~1.0.1:
  version "1.0.1"
  resolved "http://r.npm.sankuai.com/deep-equal/download/deep-equal-1.0.1.tgz#f5d260292b660e084eff4cdbc9f08ad3247448b5"

delegates@^1.0.0:
  version "1.0.0"
  resolved "http://r.npm.sankuai.com/delegates/download/delegates-1.0.0.tgz#84c6e159b81904fdca59a0ef44cd870d31250f9a"

depd@1.1.1, depd@^1.0.1, depd@^1.1.0, depd@~1.1.1:
  version "1.1.1"
  resolved "http://r.npm.sankuai.com/depd/download/depd-1.1.1.tgz#5783b4e1c459f06fa5ca27f991f3d06e7a310359"

destroy@^1.0.3:
  version "1.0.4"
  resolved "http://r.npm.sankuai.com/destroy/download/destroy-1.0.4.tgz#978857442c44749e4206613e37946205826abd80"

ee-first@1.1.1:
  version "1.1.1"
  resolved "http://r.npm.sankuai.com/ee-first/download/ee-first-1.1.1.tgz#590c61156b0ae2f4f0255732a158b266bc56b21d"

electrolyte@^0.5.0:
  version "0.5.0"
  resolved "http://r.npm.sankuai.com/electrolyte/download/electrolyte-0.5.0.tgz#5481ba126f8c90e43c207bb4eaf1fbf7d6b2b8f2"
  dependencies:
    canonical-path "0.0.2"
    debug "^2.2.0"
    depd "^1.0.1"
    promise "^7.1.1"
    scripts "0.1.x"

error-inject@~1.0.0:
  version "1.0.0"
  resolved "http://r.npm.sankuai.com/error-inject/download/error-inject-1.0.0.tgz#e2b3d91b54aed672f309d950d154850fa11d4f37"

escape-html@~1.0.1:
  version "1.0.3"
  resolved "http://r.npm.sankuai.com/escape-html/download/escape-html-1.0.3.tgz#0258eae4d3d0c0974de1c169188ef0051d1d1988"

escape-string-regexp@^1.0.5:
  version "1.0.5"
  resolved "http://r.npm.sankuai.com/escape-string-regexp/download/escape-string-regexp-1.0.5.tgz#1b61c0562190a8dff6ae3bb2cf0200ca130b86d4"

fresh@^0.5.2:
  version "0.5.2"
  resolved "http://r.npm.sankuai.com/fresh/download/fresh-0.5.2.tgz#3d8cadd90d976569fa835ab1f8e4b23a105605a7"

fs.realpath@^1.0.0:
  version "1.0.0"
  resolved "http://r.npm.sankuai.com/fs.realpath/download/fs.realpath-1.0.0.tgz#1504ad2523158caa40db4a2787cb01411994ea4f"

glob@^7.1.2:
  version "7.1.2"
  resolved "http://r.npm.sankuai.com/glob/download/glob-7.1.2.tgz#c19c9df9a028702d678612384a6552404c636d15"
  dependencies:
    fs.realpath "^1.0.0"
    inflight "^1.0.4"
    inherits "2"
    minimatch "^3.0.4"
    once "^1.3.0"
    path-is-absolute "^1.0.0"

has-flag@^2.0.0:
  version "2.0.0"
  resolved "http://r.npm.sankuai.com/has-flag/download/has-flag-2.0.0.tgz#e8207af1cc7b30d446cc70b734b5e8be18f88d51"

hjson@^3.1.0:
  version "3.1.0"
  resolved "http://r.npm.sankuai.com/hjson/download/hjson-3.1.0.tgz#dd468d0a74fe227b79afd85b0df677433a633501"

http-assert@^1.1.0:
  version "1.3.0"
  resolved "http://r.npm.sankuai.com/http-assert/download/http-assert-1.3.0.tgz#a31a5cf88c873ecbb5796907d4d6f132e8c01e4a"
  dependencies:
    deep-equal "~1.0.1"
    http-errors "~1.6.1"

http-errors@^1.2.8, http-errors@^1.3.1, http-errors@~1.6.1:
  version "1.6.2"
  resolved "http://r.npm.sankuai.com/http-errors/download/http-errors-1.6.2.tgz#0a002cc85707192a7e7946ceedc11155f60ec736"
  dependencies:
    depd "1.1.1"
    inherits "2.0.3"
    setprototypeof "1.0.3"
    statuses ">= 1.3.1 < 2"

inflight@^1.0.4:
  version "1.0.6"
  resolved "http://r.npm.sankuai.com/inflight/download/inflight-1.0.6.tgz#49bd6331d7d02d0c09bc910a1075ba8165b56df9"
  dependencies:
    once "^1.3.0"
    wrappy "1"

inherits@2, inherits@2.0.3:
  version "2.0.3"
  resolved "http://r.npm.sankuai.com/inherits/download/inherits-2.0.3.tgz#633c2c83e3da42a502f52466022480f4208261de"

is-generator-function@^1.0.3:
  version "1.0.6"
  resolved "http://r.npm.sankuai.com/is-generator-function/download/is-generator-function-1.0.6.tgz#9e71653cd15fff341c79c4151460a131d31e9fc4"

isarray@0.0.1:
  version "0.0.1"
  resolved "http://r.npm.sankuai.com/isarray/download/isarray-0.0.1.tgz#8a18acfca9a8f4177e09abfc6038939b05d1eedf"

keygrip@~1.0.2:
  version "1.0.2"
  resolved "http://r.npm.sankuai.com/keygrip/download/keygrip-1.0.2.tgz#ad3297c557069dea8bcfe7a4fa491b75c5ddeb91"

koa-compose@^3.0.0:
  version "3.2.1"
  resolved "http://r.npm.sankuai.com/koa-compose/download/koa-compose-3.2.1.tgz#a85ccb40b7d986d8e5a345b3a1ace8eabcf54de7"
  dependencies:
    any-promise "^1.1.0"

koa-compose@^4.0.0:
  version "4.0.0"
  resolved "http://r.npm.sankuai.com/koa-compose/download/koa-compose-4.0.0.tgz#2800a513d9c361ef0d63852b038e4f6f2d5a773c"

koa-convert@^1.2.0:
  version "1.2.0"
  resolved "http://r.npm.sankuai.com/koa-convert/download/koa-convert-1.2.0.tgz#da40875df49de0539098d1700b50820cebcd21d0"
  dependencies:
    co "^4.6.0"
    koa-compose "^3.0.0"

koa-is-json@^1.0.0:
  version "1.0.0"
  resolved "http://r.npm.sankuai.com/koa-is-json/download/koa-is-json-1.0.0.tgz#273c07edcdcb8df6a2c1ab7d59ee76491451ec14"

koa-router@^7.3.0:
  version "7.3.0"
  resolved "http://r.npm.sankuai.com/koa-router/download/koa-router-7.3.0.tgz#241f0449ac5cd1071831a9a3d80b521fafb6baa1"
  dependencies:
    debug "^3.1.0"
    http-errors "^1.3.1"
    koa-compose "^3.0.0"
    methods "^1.0.1"
    path-to-regexp "^1.1.1"
    urijs "^1.19.0"

koa@^2.4.1:
  version "2.4.1"
  resolved "http://r.npm.sankuai.com/koa/download/koa-2.4.1.tgz#d449cfb970a7e9da571f699eda40bb9e32eb1484"
  dependencies:
    accepts "^1.2.2"
    content-disposition "~0.5.0"
    content-type "^1.0.0"
    cookies "~0.7.0"
    debug "*"
    delegates "^1.0.0"
    depd "^1.1.0"
    destroy "^1.0.3"
    error-inject "~1.0.0"
    escape-html "~1.0.1"
    fresh "^0.5.2"
    http-assert "^1.1.0"
    http-errors "^1.2.8"
    is-generator-function "^1.0.3"
    koa-compose "^4.0.0"
    koa-convert "^1.2.0"
    koa-is-json "^1.0.0"
    mime-types "^2.0.7"
    on-finished "^2.1.0"
    only "0.0.2"
    parseurl "^1.3.0"
    statuses "^1.2.0"
    type-is "^1.5.5"
    vary "^1.0.0"

lru-cache@^4.1.1:
  version "4.1.1"
  resolved "http://r.npm.sankuai.com/lru-cache/download/lru-cache-4.1.1.tgz#622e32e82488b49279114a4f9ecf45e7cd6bba55"
  dependencies:
    pseudomap "^1.0.2"
    yallist "^2.1.2"

media-typer@0.3.0:
  version "0.3.0"
  resolved "http://r.npm.sankuai.com/media-typer/download/media-typer-0.3.0.tgz#8710d7af0aa626f8fffa1ce00168545263255748"

methods@^1.0.1:
  version "1.1.2"
  resolved "http://r.npm.sankuai.com/methods/download/methods-1.1.2.tgz#5529a4d67654134edcc5266656835b0f851afcee"

mime-db@~1.30.0:
  version "1.30.0"
  resolved "http://r.npm.sankuai.com/mime-db/download/mime-db-1.30.0.tgz#74c643da2dd9d6a45399963465b26d5ca7d71f01"

mime-types@^2.0.7, mime-types@~2.1.15, mime-types@~2.1.16:
  version "2.1.17"
  resolved "http://r.npm.sankuai.com/mime-types/download/mime-types-2.1.17.tgz#09d7a393f03e995a79f8af857b70a9e0ab16557a"
  dependencies:
    mime-db "~1.30.0"

minimatch@^3.0.4:
  version "3.0.4"
  resolved "http://r.npm.sankuai.com/minimatch/download/minimatch-3.0.4.tgz#5166e286457f03306064be5497e8dbb0c3d32083"
  dependencies:
    brace-expansion "^1.1.7"

mockjs@^1.0.1-beta3:
  version "1.0.1-beta3"
  resolved "http://r.npm.sankuai.com/mockjs/download/mockjs-1.0.1-beta3.tgz#d234f3c27256397564f2c955142e891909537209"
  dependencies:
    commander "*"

module-alias@^2.0.3:
  version "2.0.3"
  resolved "http://r.npm.sankuai.com/module-alias/download/module-alias-2.0.3.tgz#d1aa64b594588f8e76203cd2782045438cad3ef5"

ms@2.0.0:
  version "2.0.0"
  resolved "http://r.npm.sankuai.com/ms/download/ms-2.0.0.tgz#5608aeadfc00be6c2901df5f9861788de0d597c8"

negotiator@0.6.1:
  version "0.6.1"
  resolved "http://r.npm.sankuai.com/negotiator/download/negotiator-0.6.1.tgz#2b327184e8992101177b28563fb5e7102acd0ca9"

object-hash@^1.2.0:
  version "1.2.0"
  resolved "http://r.npm.sankuai.com/object-hash/download/object-hash-1.2.0.tgz#e96af0e96981996a1d47f88ead8f74f1ebc4422b"

on-finished@^2.1.0:
  version "2.3.0"
  resolved "http://r.npm.sankuai.com/on-finished/download/on-finished-2.3.0.tgz#20f1336481b083cd75337992a16971aa2d906947"
  dependencies:
    ee-first "1.1.1"

once@^1.3.0:
  version "1.4.0"
  resolved "http://r.npm.sankuai.com/once/download/once-1.4.0.tgz#583b1aa775961d4b113ac17d9c50baef9dd76bd1"
  dependencies:
    wrappy "1"

only@0.0.2:
  version "0.0.2"
  resolved "http://r.npm.sankuai.com/only/download/only-0.0.2.tgz#2afde84d03e50b9a8edc444e30610a70295edfb4"

parseurl@^1.3.0:
  version "1.3.2"
  resolved "http://r.npm.sankuai.com/parseurl/download/parseurl-1.3.2.tgz#fc289d4ed8993119460c156253262cdc8de65bf3"

path-is-absolute@^1.0.0:
  version "1.0.1"
  resolved "http://r.npm.sankuai.com/path-is-absolute/download/path-is-absolute-1.0.1.tgz#174b9268735534ffbc7ace6bf53a5a9e1b5c5f5f"

path-to-regexp@^1.1.1:
  version "1.7.0"
  resolved "http://r.npm.sankuai.com/path-to-regexp/download/path-to-regexp-1.7.0.tgz#59fde0f435badacba103a84e9d3bc64e96b9937d"
  dependencies:
    isarray "0.0.1"

promise@^7.1.1:
  version "7.3.1"
  resolved "http://r.npm.sankuai.com/promise/download/promise-7.3.1.tgz#064b72602b18f90f29192b8b1bc418ffd1ebd3bf"
  dependencies:
    asap "~2.0.3"

pseudomap@^1.0.2:
  version "1.0.2"
  resolved "http://r.npm.sankuai.com/pseudomap/download/pseudomap-1.0.2.tgz#f052a28da70e618917ef0a8ac34c1ae5a68286b3"

scripts@0.1.x:
  version "0.1.0"
  resolved "http://r.npm.sankuai.com/scripts/download/scripts-0.1.0.tgz#3eb19713b5ad1f58bc3e39ce63606d6beaa00693"

setprototypeof@1.0.3:
  version "1.0.3"
  resolved "http://r.npm.sankuai.com/setprototypeof/download/setprototypeof-1.0.3.tgz#66567e37043eeb4f04d91bd658c0cbefb55b8e04"

"statuses@>= 1.3.1 < 2", statuses@^1.2.0:
  version "1.4.0"
  resolved "http://r.npm.sankuai.com/statuses/download/statuses-1.4.0.tgz#bb73d446da2796106efcc1b601a253d6c46bd087"

supports-color@^4.0.0:
  version "4.5.0"
  resolved "http://r.npm.sankuai.com/supports-color/download/supports-color-4.5.0.tgz#be7a0de484dec5c5cddf8b3d59125044912f635b"
  dependencies:
    has-flag "^2.0.0"

type-is@^1.5.5:
  version "1.6.15"
  resolved "http://r.npm.sankuai.com/type-is/download/type-is-1.6.15.tgz#cab10fb4909e441c82842eafe1ad646c81804410"
  dependencies:
    media-typer "0.3.0"
    mime-types "~2.1.15"

urijs@^1.19.0:
  version "1.19.0"
  resolved "http://r.npm.sankuai.com/urijs/download/urijs-1.19.0.tgz#d8aa284d0e7469703a6988ad045c4cbfdf08ada0"

vary@^1.0.0:
  version "1.1.2"
  resolved "http://r.npm.sankuai.com/vary/download/vary-1.1.2.tgz#2299f02c6ded30d4a5961b0b9f74524a18f634fc"

wrappy@1:
  version "1.0.2"
  resolved "http://r.npm.sankuai.com/wrappy/download/wrappy-1.0.2.tgz#b5243d8f3ec1aa35f1364605bc0d1036e30ab69f"

yallist@^2.1.2:
  version "2.1.2"
  resolved "http://r.npm.sankuai.com/yallist/download/yallist-2.1.2.tgz#1c11f9218f076089a47dd512f93c6699a6a81d52"
